// !$*UTF8*$!
{
	archiveVersion = 1;
	classes = {
	};
	objectVersion = 46;
	objects = {

/* Begin PBXBuildFile section */
		42D95D481B958A120087991C /* AppDelegate.m in Sources */ = {isa = PBXBuildFile; fileRef = 42D95D471B958A120087991C /* AppDelegate.m */; };
		42D95D4A1B958A120087991C /* main.m in Sources */ = {isa = PBXBuildFile; fileRef = 42D95D491B958A120087991C /* main.m */; };
		42D95D4C1B958A120087991C /* Images.xcassets in Resources */ = {isa = PBXBuildFile; fileRef = 42D95D4B1B958A120087991C /* Images.xcassets */; };
		42D95D4F1B958A120087991C /* MainMenu.xib in Resources */ = {isa = PBXBuildFile; fileRef = 42D95D4D1B958A120087991C /* MainMenu.xib */; };
/* End PBXBuildFile section */

/* Begin PBXFileReference section */
		42D95D411B958A120087991C /* NSComboBox.app */ = {isa = PBXFileReference; explicitFileType = wrapper.application; includeInIndex = 0; path = NSComboBox.app; sourceTree = BUILT_PRODUCTS_DIR; };
		42D95D451B958A120087991C /* Info.plist */ = {isa = PBXFileReference; lastKnownFileType = text.plist.xml; path = Info.plist; sourceTree = "<group>"; };
		42D95D461B958A120087991C /* AppDelegate.h */ = {isa = PBXFileReference; lastKnownFileType = sourcecode.c.h; path = AppDelegate.h; sourceTree = "<group>"; };
		42D95D471B958A120087991C /* AppDelegate.m */ = {isa = PBXFileReference; lastKnownFileType = sourcecode.c.objc; path = AppDelegate.m; sourceTree = "<group>"; };
		42D95D491B958A120087991C /* main.m */ = {isa = PBXFileReference; lastKnownFileType = sourcecode.c.objc; path = main.m; sourceTree = "<group>"; };
		42D95D4B1B958A120087991C /* Images.xcassets */ = {isa = PBXFileReference; lastKnownFileType = folder.assetcatalog; path = Images.xcassets; sourceTree = "<group>"; };
		42D95D4E1B958A120087991C /* Base */ = {isa = PBXFileReference; lastKnownFileType = file.xib; name = Base; path = Base.lproj/MainMenu.xib; sourceTree = "<group>"; };
/* End PBXFileReference section */

/* Begin PBXFrameworksBuildPhase section */
		42D95D3E1B958A120087991C /* Frameworks */ = {
			isa = PBXFrameworksBuildPhase;
			buildActionMask = 2147483647;
			files = (
			);
			runOnlyForDeploymentPostprocessing = 0;
		};
/* End PBXFrameworksBuildPhase section */

/* Begin PBXGroup section */
		42D95D381B958A120087991C = {
			isa = PBXGroup;
			children = (
				42D95D431B958A120087991C /* NSComboBox */,
				42D95D421B958A120087991C /* Products */,
			);
			sourceTree = "<group>";
		};
		42D95D421B958A120087991C /* Products */ = {
			isa = PBXGroup;
			children = (
				42D95D411B958A120087991C /* NSComboBox.app */,
			);
			name = Products;
			sourceTree = "<group>";
		};
		42D95D431B958A120087991C /* NSComboBox */ = {
			isa = PBXGroup;
			children = (
				42D95D461B958A120087991C /* AppDelegate.h */,
				42D95D471B958A120087991C /* AppDelegate.m */,
				42D95D4B1B958A120087991C /* Images.xcassets */,
				42D95D4D1B958A120087991C /* MainMenu.xib */,
				42D95D441B958A120087991C /* Supporting Files */,
			);
			path = NSComboBox;
			sourceTree = "<group>";
		};
		42D95D441B958A120087991C /* Supporting Files */ = {
			isa = PBXGroup;
			children = (
				42D95D451B958A120087991C /* Info.plist */,
				42D95D491B958A120087991C /* main.m */,
			);
			name = "Supporting Files";
			sourceTree = "<group>";
		};
/* End PBXGroup section */

/* Begin PBXNativeTarget section */
		42D95D401B958A120087991C /* NSComboBox */ = {
			isa = PBXNativeTarget;
			buildConfigurationList = 42D95D5E1B958A120087991C /* Build configuration list for PBXNativeTarget "NSComboBox" */;
			buildPhases = (
				42D95D3D1B958A120087991C /* Sources */,
				42D95D3E1B958A120087991C /* Frameworks */,
				42D95D3F1B958A120087991C /* Resources */,
			);
			buildRules = (
			);
			dependencies = (
			);
			name = NSComboBox;
			productName = NSComboBox;
			productReference = 42D95D411B958A120087991C /* NSComboBox.app */;
			productType = "com.apple.product-type.application";
		};
/* End PBXNativeTarget section */

/* Begin PBXProject section */
		42D95D391B958A120087991C /* Project object */ = {
			isa = PBXProject;
			attributes = {
				LastUpgradeCheck = 0640;
				ORGANIZATIONNAME = zhaojw;
				TargetAttributes = {
					42D95D401B958A120087991C = {
						CreatedOnToolsVersion = 6.4;
					};
				};
			};
			buildConfigurationList = 42D95D3C1B958A120087991C /* Build configuration list for PBXProject "NSComboBox" */;
			compatibilityVersion = "Xcode 3.2";
			developmentRegion = English;
			hasScannedForEncodings = 0;
			knownRegions = (
				en,
				Base,
			);
			mainGroup = 42D95D381B958A120087991C;
			productRefGroup = 42D95D421B958A120087991C /* Products */;
			projectDirPath = "";
			projectRoot = "";
			targets = (
				42D95D401B958A120087991C /* NSComboBox */,
			);
		};
/* End PBXProject section */

/* Begin PBXResourcesBuildPhase section */
		42D95D3F1B958A120087991C /* Resources */ = {
			isa = PBXResourcesBuildPhase;
			buildActionMask = 2147483647;
			files = (
				42D95D4C1B958A120087991C /* Images.xcassets in Resources */,
				42D95D4F1B958A120087991C /* MainMenu.xib in Resources */,
			);
			runOnlyForDeploymentPostprocessing = 0;
		};
/* End PBXResourcesBuildPhase section */

/* Begin PBXSourcesBuildPhase section */
		42D95D3D1B958A120087991C /* Sources */ = {
			isa = PBXSourcesBuildPhase;
			buildActionMask = 2147483647;
			files = (
				42D95D4A1B958A120087991C /* main.m in Sources */,
				42D95D481B958A120087991C /* AppDelegate.m in Sources */,
			);
			runOnlyForDeploymentPostprocessing = 0;
		};
/* End PBXSourcesBuildPhase section */

/* Begin PBXVariantGroup section */
		42D95D4D1B958A120087991C /* MainMenu.xib */ = {
			isa = PBXVariantGroup;
			children = (
				42D95D4E1B958A120087991C /* Base */,
			);
			name = MainMenu.xib;
			sourceTree = "<group>";
		};
/* End PBXVariantGroup section */

/* Begin XCBuildConfiguration section */
		42D95D5C1B958A120087991C /* Debug */ = {
			isa = XCBuildConfiguration;
			buildSettings = {
				ALWAYS_SEARCH_USER_PATHS = NO;
				CLANG_CXX_LANGUAGE_STANDARD = "gnu++0x";
				CLANG_CXX_LIBRARY = "libc++";
				CLANG_ENABLE_MODULES = YES;
				CLANG_ENABLE_OBJC_ARC = YES;
				CLANG_WARN_BOOL_CONVERSION = YES;
				CLANG_WARN_CONSTANT_CONVERSION = YES;
				CLANG_WARN_DIRECT_OBJC_ISA_USAGE = YES_ERROR;
				CLANG_WARN_EMPTY_BODY = YES;
				CLANG_WARN_ENUM_CONVERSION = YES;
				CLANG_WARN_INT_CONVERSION = YES;
				CLANG_WARN_OBJC_ROOT_CLASS = YES_ERROR;
				CLANG_WARN_UNREACHABLE_CODE = YES;
				CLANG_WARN__DUPLICATE_METHOD_MATCH = YES;
				CODE_SIGN_IDENTITY = "-";
				COPY_PHASE_STRIP = NO;
				DEBUG_INFORMATION_FORMAT = dwarf;
				ENABLE_STRICT_OBJC_MSGSEND = YES;
				GCC_C_LANGUAGE_STANDARD = gnu99;
				GCC_DYNAMIC_NO_PIC = NO;
				GCC_NO_COMMON_BLOCKS = YES;
				GCC_OPTIMIZATION_LEVEL = 0;
				GCC_PREPROCESSOR_DEFINITIONS = (
					"DEBUG=1",
					"$(inherited)",
				);
				GCC_SYMBOLS_PRIVATE_EXTERN = NO;
				GCC_WARN_64_TO_32_BIT_CONVERSION = YES;
				GCC_WARN_ABOUT_RETURN_TYPE = YES_ERROR;
				GCC_WARN_UNDECLARED_SELECTOR = YES;
				GCC_WARN_UNINITIALIZED_AUTOS = YES_AGGRESSIVE;
				GCC_WARN_UNUSED_FUNCTION = YES;
				GCC_WARN_UNUSED_VARIABLE = YES;
				MACOSX_DEPLOYMENT_TARGET = 10.10;
				MTL_ENABLE_DEBUG_INFO = YES;
				ONLY_ACTIVE_ARCH = YES;
				SDKROOT = macosx;
			};
			name = Debug;
		};
		42D95D5D1B958A120087991C /* Release */ = {
			isa = XCBuildConfiguration;
			buildSettings = {
				ALWAYS_SEARCH_USER_PATHS = NO;
				CLANG_CXX_LANGUAGE_STANDARD = "gnu++0x";
				CLANG_CXX_LIBRARY = "libc++";
				CLANG_ENABLE_MODULES = YES;
				CLANG_ENABLE_OBJC_ARC = YES;
				CLANG_WARN_BOOL_CONVERSION = YES;
				CLANG_WARN_CONSTANT_CONVERSION = YES;
				CLANG_WARN_DIRECT_OBJC_ISA_USAGE = YES_ERROR;
				CLANG_WARN_EMPTY_BODY = YES;
				CLANG_WARN_ENUM_CONVERSION = YES;
				CLANG_WARN_INT_CONVERSION = YES;
				CLANG_WARN_OBJC_ROOT_CLASS = YES_ERROR;
				CLANG_WARN_UNREACHABLE_CODE = YES;
				CLANG_WARN__DUPLICATE_METHOD_MATCH = YES;
				CODE_SIGN_IDENTITY = "-";
				COPY_PHASE_STRIP = NO;
				DEBUG_INFORMATION_FORMAT = "dwarf-with-dsym";
				ENABLE_NS_ASSERTIONS = NO;
				ENABLE_STRICT_OBJC_MSGSEND = YES;
				GCC_C_LANGUAGE_STANDARD = gnu99;
				GCC_NO_COMMON_BLOCKS = YES;
				GCC_WARN_64_TO_32_BIT_CONVERSION = YES;
				GCC_WARN_ABOUT_RETURN_TYPE = YES_ERROR;
				GCC_WARN_UNDECLARED_SELECTOR = YES;
				GCC_WARN_UNINITIALIZED_AUTOS = YES_AGGRESSIVE;
				GCC_WARN_UNUSED_FUNCTION = YES;
				GCC_WARN_UNUSED_VARIABLE = YES;
				MACOSX_DEPLOYMENT_TARGET = 10.10;
				MTL_ENABLE_DEBUG_INFO = NO;
				SDKROOT = macosx;
			};
			name = Release;
		};
		42D95D5F1B958A120087991C /* Debug */ = {
			isa = XCBuildConfiguration;
			buildSettings = {
				ASSETCATALOG_COMPILER_APPICON_NAME = AppIcon;
				COMBINE_HIDPI_IMAGES = YES;
				INFOPLIST_FILE = NSComboBox/Info.plist;
				LD_RUNPATH_SEARCH_PATHS = "$(inherited) @executable_path/../Frameworks";
				PRODUCT_NAME = "$(TARGET_NAME)";
			};
			name = Debug;
		};
		42D95D601B958A120087991C /* Release */ = {
			isa = XCBuildConfiguration;
			buildSettings = {
				ASSETCATALOG_COMPILER_APPICON_NAME = AppIcon;
				COMBINE_HIDPI_IMAGES = YES;
				INFOPLIST_FILE = NSComboBox/Info.plist;
				LD_RUNPATH_SEARCH_PATHS = "$(inherited) @executable_path/../Frameworks";
				PRODUCT_NAME = "$(TARGET_NAME)";
			};
			name = Release;
		};
/* End XCBuildConfiguration section */

/* Begin XCConfigurationList section */
		42D95D3C1B958A120087991C /* Build configuration list for PBXProject "NSComboBox" */ = {
			isa = XCConfigurationList;
			buildConfigurations = (
				42D95D5C1B958A120087991C /* Debug */,
				42D95D5D1B958A120087991C /* Release */,
			);
			defaultConfigurationIsVisible = 0;
			defaultConfigurationName = Release;
		};
		42D95D5E1B958A120087991C /* Build configuration list for PBXNativeTarget "NSComboBox" */ = {
			isa = XCConfigurationList;
			buildConfigurations = (
				42D95D5F1B958A120087991C /* Debug */,
				42D95D601B958A120087991C /* Release */,
			);
			defaultConfigurationIsVisible = 0;
			defaultConfigurationName = Release;
		};
/* End XCConfigurationList section */
	};
	rootObject = 42D95D391B958A120087991C /* Project object */;
}
