// !$*UTF8*$!
{
	archiveVersion = 1;
	classes = {
	};
	objectVersion = 46;
	objects = {

/* Begin PBXBuildFile section */
		71401A631DC347CD00AEE3F4 /* AppDelegate.m in Sources */ = {isa = PBXBuildFile; fileRef = 71401A621DC347CD00AEE3F4 /* AppDelegate.m */; };
		71401A661DC347CD00AEE3F4 /* main.m in Sources */ = {isa = PBXBuildFile; fileRef = 71401A651DC347CD00AEE3F4 /* main.m */; };
		71401A681DC347CD00AEE3F4 /* Assets.xcassets in Resources */ = {isa = PBXBuildFile; fileRef = 71401A671DC347CD00AEE3F4 /* Assets.xcassets */; };
		71401A6B1DC347CD00AEE3F4 /* MainMenu.xib in Resources */ = {isa = PBXBuildFile; fileRef = 71401A691DC347CD00AEE3F4 /* MainMenu.xib */; };
		71401A741DC347D900AEE3F4 /* MyWindow.m in Sources */ = {isa = PBXBuildFile; fileRef = 71401A731DC347D900AEE3F4 /* MyWindow.m */; };
/* End PBXBuildFile section */

/* Begin PBXFileReference section */
		71401A5E1DC347CD00AEE3F4 /* NSWindowControllerWithXib.app */ = {isa = PBXFileReference; explicitFileType = wrapper.application; includeInIndex = 0; path = NSWindowControllerWithXib.app; sourceTree = BUILT_PRODUCTS_DIR; };
		71401A611DC347CD00AEE3F4 /* AppDelegate.h */ = {isa = PBXFileReference; lastKnownFileType = sourcecode.c.h; path = AppDelegate.h; sourceTree = "<group>"; };
		71401A621DC347CD00AEE3F4 /* AppDelegate.m */ = {isa = PBXFileReference; lastKnownFileType = sourcecode.c.objc; path = AppDelegate.m; sourceTree = "<group>"; };
		71401A651DC347CD00AEE3F4 /* main.m */ = {isa = PBXFileReference; lastKnownFileType = sourcecode.c.objc; path = main.m; sourceTree = "<group>"; };
		71401A671DC347CD00AEE3F4 /* Assets.xcassets */ = {isa = PBXFileReference; lastKnownFileType = folder.assetcatalog; path = Assets.xcassets; sourceTree = "<group>"; };
		71401A6A1DC347CD00AEE3F4 /* Base */ = {isa = PBXFileReference; lastKnownFileType = file.xib; name = Base; path = Base.lproj/MainMenu.xib; sourceTree = "<group>"; };
		71401A6C1DC347CD00AEE3F4 /* Info.plist */ = {isa = PBXFileReference; lastKnownFileType = text.plist.xml; path = Info.plist; sourceTree = "<group>"; };
		71401A721DC347D900AEE3F4 /* MyWindow.h */ = {isa = PBXFileReference; fileEncoding = 4; lastKnownFileType = sourcecode.c.h; path = MyWindow.h; sourceTree = "<group>"; };
		71401A731DC347D900AEE3F4 /* MyWindow.m */ = {isa = PBXFileReference; fileEncoding = 4; lastKnownFileType = sourcecode.c.objc; path = MyWindow.m; sourceTree = "<group>"; };
/* End PBXFileReference section */

/* Begin PBXFrameworksBuildPhase section */
		71401A5B1DC347CD00AEE3F4 /* Frameworks */ = {
			isa = PBXFrameworksBuildPhase;
			buildActionMask = 2147483647;
			files = (
			);
			runOnlyForDeploymentPostprocessing = 0;
		};
/* End PBXFrameworksBuildPhase section */

/* Begin PBXGroup section */
		71401A551DC347CD00AEE3F4 = {
			isa = PBXGroup;
			children = (
				71401A601DC347CD00AEE3F4 /* NSWindowControllerWithXib */,
				71401A5F1DC347CD00AEE3F4 /* Products */,
			);
			sourceTree = "<group>";
		};
		71401A5F1DC347CD00AEE3F4 /* Products */ = {
			isa = PBXGroup;
			children = (
				71401A5E1DC347CD00AEE3F4 /* NSWindowControllerWithXib.app */,
			);
			name = Products;
			sourceTree = "<group>";
		};
		71401A601DC347CD00AEE3F4 /* NSWindowControllerWithXib */ = {
			isa = PBXGroup;
			children = (
				71401A611DC347CD00AEE3F4 /* AppDelegate.h */,
				71401A621DC347CD00AEE3F4 /* AppDelegate.m */,
				71401A721DC347D900AEE3F4 /* MyWindow.h */,
				71401A731DC347D900AEE3F4 /* MyWindow.m */,
				71401A671DC347CD00AEE3F4 /* Assets.xcassets */,
				71401A691DC347CD00AEE3F4 /* MainMenu.xib */,
				71401A6C1DC347CD00AEE3F4 /* Info.plist */,
				71401A641DC347CD00AEE3F4 /* Supporting Files */,
			);
			path = NSWindowControllerWithXib;
			sourceTree = "<group>";
		};
		71401A641DC347CD00AEE3F4 /* Supporting Files */ = {
			isa = PBXGroup;
			children = (
				71401A651DC347CD00AEE3F4 /* main.m */,
			);
			name = "Supporting Files";
			sourceTree = "<group>";
		};
/* End PBXGroup section */

/* Begin PBXNativeTarget section */
		71401A5D1DC347CD00AEE3F4 /* NSWindowControllerWithXib */ = {
			isa = PBXNativeTarget;
			buildConfigurationList = 71401A6F1DC347CD00AEE3F4 /* Build configuration list for PBXNativeTarget "NSWindowControllerWithXib" */;
			buildPhases = (
				71401A5A1DC347CD00AEE3F4 /* Sources */,
				71401A5B1DC347CD00AEE3F4 /* Frameworks */,
				71401A5C1DC347CD00AEE3F4 /* Resources */,
			);
			buildRules = (
			);
			dependencies = (
			);
			name = NSWindowControllerWithXib;
			productName = NSWindowControllerWithXib;
			productReference = 71401A5E1DC347CD00AEE3F4 /* NSWindowControllerWithXib.app */;
			productType = "com.apple.product-type.application";
		};
/* End PBXNativeTarget section */

/* Begin PBXProject section */
		71401A561DC347CD00AEE3F4 /* Project object */ = {
			isa = PBXProject;
			attributes = {
				LastUpgradeCheck = 0800;
				ORGANIZATIONNAME = macdev;
				TargetAttributes = {
					71401A5D1DC347CD00AEE3F4 = {
						CreatedOnToolsVersion = 8.0;
						ProvisioningStyle = Automatic;
					};
				};
			};
			buildConfigurationList = 71401A591DC347CD00AEE3F4 /* Build configuration list for PBXProject "NSWindowControllerWithXib" */;
			compatibilityVersion = "Xcode 3.2";
			developmentRegion = English;
			hasScannedForEncodings = 0;
			knownRegions = (
				en,
				Base,
			);
			mainGroup = 71401A551DC347CD00AEE3F4;
			productRefGroup = 71401A5F1DC347CD00AEE3F4 /* Products */;
			projectDirPath = "";
			projectRoot = "";
			targets = (
				71401A5D1DC347CD00AEE3F4 /* NSWindowControllerWithXib */,
			);
		};
/* End PBXProject section */

/* Begin PBXResourcesBuildPhase section */
		71401A5C1DC347CD00AEE3F4 /* Resources */ = {
			isa = PBXResourcesBuildPhase;
			buildActionMask = 2147483647;
			files = (
				71401A681DC347CD00AEE3F4 /* Assets.xcassets in Resources */,
				71401A6B1DC347CD00AEE3F4 /* MainMenu.xib in Resources */,
			);
			runOnlyForDeploymentPostprocessing = 0;
		};
/* End PBXResourcesBuildPhase section */

/* Begin PBXSourcesBuildPhase section */
		71401A5A1DC347CD00AEE3F4 /* Sources */ = {
			isa = PBXSourcesBuildPhase;
			buildActionMask = 2147483647;
			files = (
				71401A741DC347D900AEE3F4 /* MyWindow.m in Sources */,
				71401A661DC347CD00AEE3F4 /* main.m in Sources */,
				71401A631DC347CD00AEE3F4 /* AppDelegate.m in Sources */,
			);
			runOnlyForDeploymentPostprocessing = 0;
		};
/* End PBXSourcesBuildPhase section */

/* Begin PBXVariantGroup section */
		71401A691DC347CD00AEE3F4 /* MainMenu.xib */ = {
			isa = PBXVariantGroup;
			children = (
				71401A6A1DC347CD00AEE3F4 /* Base */,
			);
			name = MainMenu.xib;
			sourceTree = "<group>";
		};
/* End PBXVariantGroup section */

/* Begin XCBuildConfiguration section */
		71401A6D1DC347CD00AEE3F4 /* Debug */ = {
			isa = XCBuildConfiguration;
			buildSettings = {
				ALWAYS_SEARCH_USER_PATHS = NO;
				CLANG_ANALYZER_NONNULL = YES;
				CLANG_CXX_LANGUAGE_STANDARD = "gnu++0x";
				CLANG_CXX_LIBRARY = "libc++";
				CLANG_ENABLE_MODULES = YES;
				CLANG_ENABLE_OBJC_ARC = YES;
				CLANG_WARN_BOOL_CONVERSION = YES;
				CLANG_WARN_CONSTANT_CONVERSION = YES;
				CLANG_WARN_DIRECT_OBJC_ISA_USAGE = YES_ERROR;
				CLANG_WARN_DOCUMENTATION_COMMENTS = YES;
				CLANG_WARN_EMPTY_BODY = YES;
				CLANG_WARN_ENUM_CONVERSION = YES;
				CLANG_WARN_INFINITE_RECURSION = YES;
				CLANG_WARN_INT_CONVERSION = YES;
				CLANG_WARN_OBJC_ROOT_CLASS = YES_ERROR;
				CLANG_WARN_SUSPICIOUS_MOVES = YES;
				CLANG_WARN_UNREACHABLE_CODE = YES;
				CLANG_WARN__DUPLICATE_METHOD_MATCH = YES;
				CODE_SIGN_IDENTITY = "-";
				COPY_PHASE_STRIP = NO;
				DEBUG_INFORMATION_FORMAT = dwarf;
				ENABLE_STRICT_OBJC_MSGSEND = YES;
				ENABLE_TESTABILITY = YES;
				GCC_C_LANGUAGE_STANDARD = gnu99;
				GCC_DYNAMIC_NO_PIC = NO;
				GCC_NO_COMMON_BLOCKS = YES;
				GCC_OPTIMIZATION_LEVEL = 0;
				GCC_PREPROCESSOR_DEFINITIONS = (
					"DEBUG=1",
					"$(inherited)",
				);
				GCC_WARN_64_TO_32_BIT_CONVERSION = YES;
				GCC_WARN_ABOUT_RETURN_TYPE = YES_ERROR;
				GCC_WARN_UNDECLARED_SELECTOR = YES;
				GCC_WARN_UNINITIALIZED_AUTOS = YES_AGGRESSIVE;
				GCC_WARN_UNUSED_FUNCTION = YES;
				GCC_WARN_UNUSED_VARIABLE = YES;
				MACOSX_DEPLOYMENT_TARGET = 10.11;
				MTL_ENABLE_DEBUG_INFO = YES;
				ONLY_ACTIVE_ARCH = YES;
				SDKROOT = macosx;
			};
			name = Debug;
		};
		71401A6E1DC347CD00AEE3F4 /* Release */ = {
			isa = XCBuildConfiguration;
			buildSettings = {
				ALWAYS_SEARCH_USER_PATHS = NO;
				CLANG_ANALYZER_NONNULL = YES;
				CLANG_CXX_LANGUAGE_STANDARD = "gnu++0x";
				CLANG_CXX_LIBRARY = "libc++";
				CLANG_ENABLE_MODULES = YES;
				CLANG_ENABLE_OBJC_ARC = YES;
				CLANG_WARN_BOOL_CONVERSION = YES;
				CLANG_WARN_CONSTANT_CONVERSION = YES;
				CLANG_WARN_DIRECT_OBJC_ISA_USAGE = YES_ERROR;
				CLANG_WARN_DOCUMENTATION_COMMENTS = YES;
				CLANG_WARN_EMPTY_BODY = YES;
				CLANG_WARN_ENUM_CONVERSION = YES;
				CLANG_WARN_INFINITE_RECURSION = YES;
				CLANG_WARN_INT_CONVERSION = YES;
				CLANG_WARN_OBJC_ROOT_CLASS = YES_ERROR;
				CLANG_WARN_SUSPICIOUS_MOVES = YES;
				CLANG_WARN_UNREACHABLE_CODE = YES;
				CLANG_WARN__DUPLICATE_METHOD_MATCH = YES;
				CODE_SIGN_IDENTITY = "-";
				COPY_PHASE_STRIP = NO;
				DEBUG_INFORMATION_FORMAT = "dwarf-with-dsym";
				ENABLE_NS_ASSERTIONS = NO;
				ENABLE_STRICT_OBJC_MSGSEND = YES;
				GCC_C_LANGUAGE_STANDARD = gnu99;
				GCC_NO_COMMON_BLOCKS = YES;
				GCC_WARN_64_TO_32_BIT_CONVERSION = YES;
				GCC_WARN_ABOUT_RETURN_TYPE = YES_ERROR;
				GCC_WARN_UNDECLARED_SELECTOR = YES;
				GCC_WARN_UNINITIALIZED_AUTOS = YES_AGGRESSIVE;
				GCC_WARN_UNUSED_FUNCTION = YES;
				GCC_WARN_UNUSED_VARIABLE = YES;
				MACOSX_DEPLOYMENT_TARGET = 10.11;
				MTL_ENABLE_DEBUG_INFO = NO;
				SDKROOT = macosx;
			};
			name = Release;
		};
		71401A701DC347CD00AEE3F4 /* Debug */ = {
			isa = XCBuildConfiguration;
			buildSettings = {
				ASSETCATALOG_COMPILER_APPICON_NAME = AppIcon;
				COMBINE_HIDPI_IMAGES = YES;
				INFOPLIST_FILE = NSWindowControllerWithXib/Info.plist;
				LD_RUNPATH_SEARCH_PATHS = "$(inherited) @executable_path/../Frameworks";
				PRODUCT_BUNDLE_IDENTIFIER = app.io.NSWindowControllerWithXib;
				PRODUCT_NAME = "$(TARGET_NAME)";
			};
			name = Debug;
		};
		71401A711DC347CD00AEE3F4 /* Release */ = {
			isa = XCBuildConfiguration;
			buildSettings = {
				ASSETCATALOG_COMPILER_APPICON_NAME = AppIcon;
				COMBINE_HIDPI_IMAGES = YES;
				INFOPLIST_FILE = NSWindowControllerWithXib/Info.plist;
				LD_RUNPATH_SEARCH_PATHS = "$(inherited) @executable_path/../Frameworks";
				PRODUCT_BUNDLE_IDENTIFIER = app.io.NSWindowControllerWithXib;
				PRODUCT_NAME = "$(TARGET_NAME)";
			};
			name = Release;
		};
/* End XCBuildConfiguration section */

/* Begin XCConfigurationList section */
		71401A591DC347CD00AEE3F4 /* Build configuration list for PBXProject "NSWindowControllerWithXib" */ = {
			isa = XCConfigurationList;
			buildConfigurations = (
				71401A6D1DC347CD00AEE3F4 /* Debug */,
				71401A6E1DC347CD00AEE3F4 /* Release */,
			);
			defaultConfigurationIsVisible = 0;
			defaultConfigurationName = Release;
		};
		71401A6F1DC347CD00AEE3F4 /* Build configuration list for PBXNativeTarget "NSWindowControllerWithXib" */ = {
			isa = XCConfigurationList;
			buildConfigurations = (
				71401A701DC347CD00AEE3F4 /* Debug */,
				71401A711DC347CD00AEE3F4 /* Release */,
			);
			defaultConfigurationIsVisible = 0;
		};
/* End XCConfigurationList section */
	};
	rootObject = 71401A561DC347CD00AEE3F4 /* Project object */;
}
